
Microsoft Visual Studio Solution File, Format Version 12.00
# Visual Studio 2013
VisualStudioVersion = 12.0.30324.0
MinimumVisualStudioVersion = 10.0.40219.1
Project("{FAE04EC0-301F-11D3-BF4B-00C04F79EFBC}") = "ResourceProvider.AspNet", "ResourceProvider.AspNet\ResourceProvider.AspNet.csproj", "{ADAA7433-E4E6-4506-BF8F-770FF403258F}"
EndProject
Project("{FAE04EC0-301F-11D3-BF4B-00C04F79EFBC}") = "ResourceProvider.Core", "ResourceProvider.Core\ResourceProvider.Core.csproj", "{32CF199E-4446-492E-9061-665055033781}"
EndProject
Project("{FAE04EC0-301F-11D3-BF4B-00C04F79EFBC}") = "ResourceProvider.Core.Test", "ResourceProvider.Core.Test\ResourceProvider.Core.Test.csproj", "{FCF168C2-8EE6-488E-8F5A-1DCFE4D18EA7}"
EndProject
Project("{FAE04EC0-301F-11D3-BF4B-00C04F79EFBC}") = "ResourceProvider.Test.Example", "ResourceProvider.Test.Example\ResourceProvider.Test.Example.csproj", "{C2714AB8-DB72-4E3E-9B2A-12DD0B2A469D}"
EndProject
Global
	GlobalSection(SolutionConfigurationPlatforms) = preSolution
		Debug|Any CPU = Debug|Any CPU
		Release|Any CPU = Release|Any CPU
	EndGlobalSection
	GlobalSection(ProjectConfigurationPlatforms) = postSolution
		{ADAA7433-E4E6-4506-BF8F-770FF403258F}.Debug|Any CPU.ActiveCfg = Debug|Any CPU
		{ADAA7433-E4E6-4506-BF8F-770FF403258F}.Debug|Any CPU.Build.0 = Debug|Any CPU
		{ADAA7433-E4E6-4506-BF8F-770FF403258F}.Release|Any CPU.ActiveCfg = Release|Any CPU
		{ADAA7433-E4E6-4506-BF8F-770FF403258F}.Release|Any CPU.Build.0 = Release|Any CPU
		{32CF199E-4446-492E-9061-665055033781}.Debug|Any CPU.ActiveCfg = Debug|Any CPU
		{32CF199E-4446-492E-9061-665055033781}.Debug|Any CPU.Build.0 = Debug|Any CPU
		{32CF199E-4446-492E-9061-665055033781}.Release|Any CPU.ActiveCfg = Release|Any CPU
		{32CF199E-4446-492E-9061-665055033781}.Release|Any CPU.Build.0 = Release|Any CPU
		{FCF168C2-8EE6-488E-8F5A-1DCFE4D18EA7}.Debug|Any CPU.ActiveCfg = Debug|Any CPU
		{FCF168C2-8EE6-488E-8F5A-1DCFE4D18EA7}.Debug|Any CPU.Build.0 = Debug|Any CPU
		{FCF168C2-8EE6-488E-8F5A-1DCFE4D18EA7}.Release|Any CPU.ActiveCfg = Release|Any CPU
		{FCF168C2-8EE6-488E-8F5A-1DCFE4D18EA7}.Release|Any CPU.Build.0 = Release|Any CPU
		{C2714AB8-DB72-4E3E-9B2A-12DD0B2A469D}.Debug|Any CPU.ActiveCfg = Debug|Any CPU
		{C2714AB8-DB72-4E3E-9B2A-12DD0B2A469D}.Debug|Any CPU.Build.0 = Debug|Any CPU
		{C2714AB8-DB72-4E3E-9B2A-12DD0B2A469D}.Release|Any CPU.ActiveCfg = Release|Any CPU
		{C2714AB8-DB72-4E3E-9B2A-12DD0B2A469D}.Release|Any CPU.Build.0 = Release|Any CPU
	EndGlobalSection
	GlobalSection(SolutionProperties) = preSolution
		HideSolutionNode = FALSE
	EndGlobalSection
EndGlobal
